
Microsoft Visual Studio Solution File, Format Version 12.00
# Visual Studio Version 16
VisualStudioVersion = 16.0.32228.343
MinimumVisualStudioVersion = 10.0.40219.1
Project("{9A19103F-16F7-4668-BE54-9A1E7A4F7556}") = "WebApplication1", "WebApplication1\WebApplication1.csproj", "{D2790CFE-E6A0-42DF-BE14-260F0E08808F}"
EndProject
Project("{9A19103F-16F7-4668-BE54-9A1E7A4F7556}") = "WebApplication1.DataAccess", "WebApplication1.DataAccess\WebApplication1.DataAccess.csproj", "{790A5DDD-B0B4-48F8-A850-01D7CA2FB2B6}"
EndProject
Project("{9A19103F-16F7-4668-BE54-9A1E7A4F7556}") = "WebApplication1.Models", "WebApplication1.Models\WebApplication1.Models.csproj", "{21F1D66C-FA6F-4A18-8361-665593C8C2E3}"
EndProject
Project("{9A19103F-16F7-4668-BE54-9A1E7A4F7556}") = "WebApplication1.Utility", "WebApplication1.Utility\WebApplication1.Utility.csproj", "{4A63A2CE-EF20-4698-A1A4-80D0981FD225}"
EndProject
Project("{2150E333-8FDC-42A3-9474-1A3956D46DE8}") = "Solution Items", "Solution Items", "{73C20845-80E0-40EF-8AC1-561C91D2FB4D}"
	ProjectSection(SolutionItems) = preProject
		.editorconfig = .editorconfig
	EndProjectSection
EndProject
Global
	GlobalSection(SolutionConfigurationPlatforms) = preSolution
		Debug|Any CPU = Debug|Any CPU
		Release|Any CPU = Release|Any CPU
	EndGlobalSection
	GlobalSection(ProjectConfigurationPlatforms) = postSolution
		{D2790CFE-E6A0-42DF-BE14-260F0E08808F}.Debug|Any CPU.ActiveCfg = Debug|Any CPU
		{D2790CFE-E6A0-42DF-BE14-260F0E08808F}.Debug|Any CPU.Build.0 = Debug|Any CPU
		{D2790CFE-E6A0-42DF-BE14-260F0E08808F}.Release|Any CPU.ActiveCfg = Release|Any CPU
		{D2790CFE-E6A0-42DF-BE14-260F0E08808F}.Release|Any CPU.Build.0 = Release|Any CPU
		{790A5DDD-B0B4-48F8-A850-01D7CA2FB2B6}.Debug|Any CPU.ActiveCfg = Debug|Any CPU
		{790A5DDD-B0B4-48F8-A850-01D7CA2FB2B6}.Debug|Any CPU.Build.0 = Debug|Any CPU
		{790A5DDD-B0B4-48F8-A850-01D7CA2FB2B6}.Release|Any CPU.ActiveCfg = Release|Any CPU
		{790A5DDD-B0B4-48F8-A850-01D7CA2FB2B6}.Release|Any CPU.Build.0 = Release|Any CPU
		{21F1D66C-FA6F-4A18-8361-665593C8C2E3}.Debug|Any CPU.ActiveCfg = Debug|Any CPU
		{21F1D66C-FA6F-4A18-8361-665593C8C2E3}.Debug|Any CPU.Build.0 = Debug|Any CPU
		{21F1D66C-FA6F-4A18-8361-665593C8C2E3}.Release|Any CPU.ActiveCfg = Release|Any CPU
		{21F1D66C-FA6F-4A18-8361-665593C8C2E3}.Release|Any CPU.Build.0 = Release|Any CPU
		{4A63A2CE-EF20-4698-A1A4-80D0981FD225}.Debug|Any CPU.ActiveCfg = Debug|Any CPU
		{4A63A2CE-EF20-4698-A1A4-80D0981FD225}.Debug|Any CPU.Build.0 = Debug|Any CPU
		{4A63A2CE-EF20-4698-A1A4-80D0981FD225}.Release|Any CPU.ActiveCfg = Release|Any CPU
		{4A63A2CE-EF20-4698-A1A4-80D0981FD225}.Release|Any CPU.Build.0 = Release|Any CPU
	EndGlobalSection
	GlobalSection(SolutionProperties) = preSolution
		HideSolutionNode = FALSE
	EndGlobalSection
	GlobalSection(ExtensibilityGlobals) = postSolution
		SolutionGuid = {BF18BCD9-1A60-4A60-87E8-DAFA29567AC2}
	EndGlobalSection
EndGlobal
